
Microsoft Visual Studio Solution File, Format Version 12.00
# Visual Studio Version 17
VisualStudioVersion = 17.6.33513.286
MinimumVisualStudioVersion = 10.0.40219.1
Project("{9A19103F-16F7-4668-BE54-9A1E7A4F7556}") = "BlazorAppServer", "..\BlazorAppServer\BlazorAppServer\BlazorAppServer.csproj", "{AA11E0CB-5F14-4487-8585-F97DD3E17EB2}"
EndProject
Project("{9A19103F-16F7-4668-BE54-9A1E7A4F7556}") = "MVCIndividual", "..\MVCIndividual\MVCIndividual\MVCIndividual.csproj", "{D9170464-6340-4A4F-8454-FB65CCBA481F}"
EndProject
Project("{9A19103F-16F7-4668-BE54-9A1E7A4F7556}") = "MVCNoauth", "..\MVCNoauth\MVCNoauth\MVCNoauth.csproj", "{960D9727-7497-475D-8AEC-6C756E07AE7A}"
EndProject
Project("{9A19103F-16F7-4668-BE54-9A1E7A4F7556}") = "Razorindauth", "..\Razorindauth\Razorindauth\Razorindauth.csproj", "{2C21D6CD-67DD-45F7-8F59-83E339F93DB3}"
EndProject
Project("{9A19103F-16F7-4668-BE54-9A1E7A4F7556}") = "RazorNoauth", "..\RazorNoauth\RazorNoauth\RazorNoauth.csproj", "{B0768BE4-470A-402C-822D-ED5CA7117AED}"
EndProject
Project("{FAE04EC0-301F-11D3-BF4B-00C04F79EFBC}") = "BlazorWasmWithhost.Server", "BlazorWasmWithhost\Server\BlazorWasmWithhost.Server.csproj", "{D2FF6D94-2543-4E93-BAF5-AD13CCE0D664}"
EndProject
Project("{FAE04EC0-301F-11D3-BF4B-00C04F79EFBC}") = "BlazorWasmWithhost.Client", "BlazorWasmWithhost\Client\BlazorWasmWithhost.Client.csproj", "{CCF9460E-0384-4B0D-9263-DE2F7A9AFC70}"
EndProject
Project("{FAE04EC0-301F-11D3-BF4B-00C04F79EFBC}") = "BlazorWasmWithhost.Shared", "BlazorWasmWithhost\Shared\BlazorWasmWithhost.Shared.csproj", "{85A45A0A-567A-4AC2-B889-00C1C8B66634}"
EndProject
Project("{FAE04EC0-301F-11D3-BF4B-00C04F79EFBC}") = "BlazorWasmWithouthost", "BlazorWasmWithouthost\BlazorWasmWithouthost.csproj", "{DB21D801-4204-4358-BAA4-62F4C008D1CA}"
EndProject
Global
	GlobalSection(SolutionConfigurationPlatforms) = preSolution
		Debug|Any CPU = Debug|Any CPU
		Release|Any CPU = Release|Any CPU
	EndGlobalSection
	GlobalSection(ProjectConfigurationPlatforms) = postSolution
		{AA11E0CB-5F14-4487-8585-F97DD3E17EB2}.Debug|Any CPU.ActiveCfg = Debug|Any CPU
		{AA11E0CB-5F14-4487-8585-F97DD3E17EB2}.Debug|Any CPU.Build.0 = Debug|Any CPU
		{AA11E0CB-5F14-4487-8585-F97DD3E17EB2}.Release|Any CPU.ActiveCfg = Release|Any CPU
		{AA11E0CB-5F14-4487-8585-F97DD3E17EB2}.Release|Any CPU.Build.0 = Release|Any CPU
		{D9170464-6340-4A4F-8454-FB65CCBA481F}.Debug|Any CPU.ActiveCfg = Debug|Any CPU
		{D9170464-6340-4A4F-8454-FB65CCBA481F}.Debug|Any CPU.Build.0 = Debug|Any CPU
		{D9170464-6340-4A4F-8454-FB65CCBA481F}.Release|Any CPU.ActiveCfg = Release|Any CPU
		{D9170464-6340-4A4F-8454-FB65CCBA481F}.Release|Any CPU.Build.0 = Release|Any CPU
		{960D9727-7497-475D-8AEC-6C756E07AE7A}.Debug|Any CPU.ActiveCfg = Debug|Any CPU
		{960D9727-7497-475D-8AEC-6C756E07AE7A}.Debug|Any CPU.Build.0 = Debug|Any CPU
		{960D9727-7497-475D-8AEC-6C756E07AE7A}.Release|Any CPU.ActiveCfg = Release|Any CPU
		{960D9727-7497-475D-8AEC-6C756E07AE7A}.Release|Any CPU.Build.0 = Release|Any CPU
		{2C21D6CD-67DD-45F7-8F59-83E339F93DB3}.Debug|Any CPU.ActiveCfg = Debug|Any CPU
		{2C21D6CD-67DD-45F7-8F59-83E339F93DB3}.Debug|Any CPU.Build.0 = Debug|Any CPU
		{2C21D6CD-67DD-45F7-8F59-83E339F93DB3}.Release|Any CPU.ActiveCfg = Release|Any CPU
		{2C21D6CD-67DD-45F7-8F59-83E339F93DB3}.Release|Any CPU.Build.0 = Release|Any CPU
		{B0768BE4-470A-402C-822D-ED5CA7117AED}.Debug|Any CPU.ActiveCfg = Debug|Any CPU
		{B0768BE4-470A-402C-822D-ED5CA7117AED}.Debug|Any CPU.Build.0 = Debug|Any CPU
		{B0768BE4-470A-402C-822D-ED5CA7117AED}.Release|Any CPU.ActiveCfg = Release|Any CPU
		{B0768BE4-470A-402C-822D-ED5CA7117AED}.Release|Any CPU.Build.0 = Release|Any CPU
		{D2FF6D94-2543-4E93-BAF5-AD13CCE0D664}.Debug|Any CPU.ActiveCfg = Debug|Any CPU
		{D2FF6D94-2543-4E93-BAF5-AD13CCE0D664}.Debug|Any CPU.Build.0 = Debug|Any CPU
		{D2FF6D94-2543-4E93-BAF5-AD13CCE0D664}.Release|Any CPU.ActiveCfg = Release|Any CPU
		{D2FF6D94-2543-4E93-BAF5-AD13CCE0D664}.Release|Any CPU.Build.0 = Release|Any CPU
		{CCF9460E-0384-4B0D-9263-DE2F7A9AFC70}.Debug|Any CPU.ActiveCfg = Debug|Any CPU
		{CCF9460E-0384-4B0D-9263-DE2F7A9AFC70}.Debug|Any CPU.Build.0 = Debug|Any CPU
		{CCF9460E-0384-4B0D-9263-DE2F7A9AFC70}.Release|Any CPU.ActiveCfg = Release|Any CPU
		{CCF9460E-0384-4B0D-9263-DE2F7A9AFC70}.Release|Any CPU.Build.0 = Release|Any CPU
		{85A45A0A-567A-4AC2-B889-00C1C8B66634}.Debug|Any CPU.ActiveCfg = Debug|Any CPU
		{85A45A0A-567A-4AC2-B889-00C1C8B66634}.Debug|Any CPU.Build.0 = Debug|Any CPU
		{85A45A0A-567A-4AC2-B889-00C1C8B66634}.Release|Any CPU.ActiveCfg = Release|Any CPU
		{85A45A0A-567A-4AC2-B889-00C1C8B66634}.Release|Any CPU.Build.0 = Release|Any CPU
		{DB21D801-4204-4358-BAA4-62F4C008D1CA}.Debug|Any CPU.ActiveCfg = Debug|Any CPU
		{DB21D801-4204-4358-BAA4-62F4C008D1CA}.Debug|Any CPU.Build.0 = Debug|Any CPU
		{DB21D801-4204-4358-BAA4-62F4C008D1CA}.Release|Any CPU.ActiveCfg = Release|Any CPU
		{DB21D801-4204-4358-BAA4-62F4C008D1CA}.Release|Any CPU.Build.0 = Release|Any CPU
	EndGlobalSection
	GlobalSection(SolutionProperties) = preSolution
		HideSolutionNode = FALSE
	EndGlobalSection
	GlobalSection(ExtensibilityGlobals) = postSolution
		SolutionGuid = {8C93636A-2FCE-4F7B-9ABC-1302A7D2484E}
	EndGlobalSection
EndGlobal
